
Microsoft Visual Studio Solution File, Format Version 12.00
# Visual Studio Version 17
VisualStudioVersion = 17.5.002.0
MinimumVisualStudioVersion = 10.0.40219.1
Project("{2150E333-8FDC-42A3-9474-1A3956D46DE8}") = "csharp-prep", "csharp-prep", "{C241FC4F-02BA-40A4-A7AC-B6005931C495}"
EndProject
Project("{9A19103F-16F7-4668-BE54-9A1E7A4F7556}") = "Prep1", "csharp-prep\Prep1\Prep1.csproj", "{5B234162-2260-4F5C-BDA5-CF6A9EA97491}"
EndProject
Project("{9A19103F-16F7-4668-BE54-9A1E7A4F7556}") = "Prep2", "csharp-prep\Prep2\Prep2.csproj", "{33691737-BC05-454C-8263-5873375ECFEB}"
EndProject
Project("{9A19103F-16F7-4668-BE54-9A1E7A4F7556}") = "Prep3", "csharp-prep\Prep3\Prep3.csproj", "{1293D6B1-2227-4448-9763-9DD64A715620}"
EndProject
Project("{9A19103F-16F7-4668-BE54-9A1E7A4F7556}") = "Prep4", "csharp-prep\Prep4\Prep4.csproj", "{ABF5C355-154B-4B2A-9B56-4FCE2B3F6CFD}"
EndProject
Project("{9A19103F-16F7-4668-BE54-9A1E7A4F7556}") = "Prep5", "csharp-prep\Prep5\Prep5.csproj", "{7A86E9C1-3E2C-42EA-9BDB-AA7EBFB0CBCE}"
EndProject
Project("{2150E333-8FDC-42A3-9474-1A3956D46DE8}") = "final", "final", "{8FF112EF-F47E-4C04-B01D-02B6796012A1}"
EndProject
Project("{9A19103F-16F7-4668-BE54-9A1E7A4F7556}") = "FinalProject", "final\FinalProject\FinalProject.csproj", "{7FCF83BF-F573-4200-9EFE-347C597B5B1D}"
EndProject
Project("{9A19103F-16F7-4668-BE54-9A1E7A4F7556}") = "Foundation1", "final\Foundation1\Foundation1.csproj", "{5985459C-60B6-4F36-B2BB-01FD49923BF9}"
EndProject
Project("{9A19103F-16F7-4668-BE54-9A1E7A4F7556}") = "Foundation2", "final\Foundation2\Foundation2.csproj", "{0D29A2E2-D395-4511-AFBC-CFF1EC2163F9}"
EndProject
Project("{9A19103F-16F7-4668-BE54-9A1E7A4F7556}") = "Foundation3", "final\Foundation3\Foundation3.csproj", "{8891E702-221B-46B0-9023-2BDE9BA1C51A}"
EndProject
Project("{9A19103F-16F7-4668-BE54-9A1E7A4F7556}") = "Foundation4", "final\Foundation4\Foundation4.csproj", "{7EACC8E1-9F0B-4113-BF8D-5C91B72DB9E5}"
EndProject
Project("{2150E333-8FDC-42A3-9474-1A3956D46DE8}") = "prepare", "prepare", "{A8D0110C-4D9C-41D1-842D-70B3ACFE20FD}"
EndProject
Project("{9A19103F-16F7-4668-BE54-9A1E7A4F7556}") = "Learning02", "prepare\Learning02\Learning02.csproj", "{9D8E25FB-5491-4998-811C-2083994F7B0F}"
EndProject
Project("{9A19103F-16F7-4668-BE54-9A1E7A4F7556}") = "Learning03", "prepare\Learning03\Learning03.csproj", "{DBE56665-58BD-4B96-B7AC-FC62675B4426}"
EndProject
Project("{9A19103F-16F7-4668-BE54-9A1E7A4F7556}") = "Learning04", "prepare\Learning04\Learning04.csproj", "{F2C60B7E-EAB2-4607-92BB-62CA8273E3E2}"
EndProject
Project("{9A19103F-16F7-4668-BE54-9A1E7A4F7556}") = "Learning05", "prepare\Learning05\Learning05.csproj", "{0EC28CB3-2295-4434-A1C4-F1B0B4FF97AE}"
EndProject
Project("{2150E333-8FDC-42A3-9474-1A3956D46DE8}") = "prove", "prove", "{03F51551-C1AD-4D6B-A561-9069992AB726}"
EndProject
Project("{9A19103F-16F7-4668-BE54-9A1E7A4F7556}") = "Develop02", "prove\Develop02\Develop02.csproj", "{997D3B70-3445-411D-99C1-DD2BB4D01EEB}"
EndProject
Project("{9A19103F-16F7-4668-BE54-9A1E7A4F7556}") = "Develop03", "prove\Develop03\Develop03.csproj", "{14169110-96B1-47D8-8BBB-071CA5B1BCBD}"
EndProject
Project("{9A19103F-16F7-4668-BE54-9A1E7A4F7556}") = "Develop04", "prove\Develop04\Develop04.csproj", "{DD71E825-6817-479F-BFBB-A5AF4B58046B}"
EndProject
Project("{9A19103F-16F7-4668-BE54-9A1E7A4F7556}") = "Develop05", "prove\Develop05\Develop05.csproj", "{CB5FBFBD-4FD3-4F3D-A477-6FD20465521F}"
EndProject
Project("{2150E333-8FDC-42A3-9474-1A3956D46DE8}") = "sandbox", "sandbox", "{A94FB143-94FD-4EAE-898D-9405A6BFFBAC}"
EndProject
Project("{9A19103F-16F7-4668-BE54-9A1E7A4F7556}") = "Sandbox", "sandbox\Sandbox\Sandbox.csproj", "{A36CDDFA-4038-4023-9390-0A7890EE2CFC}"
EndProject
Global
	GlobalSection(SolutionConfigurationPlatforms) = preSolution
		Debug|Any CPU = Debug|Any CPU
		Release|Any CPU = Release|Any CPU
	EndGlobalSection
	GlobalSection(ProjectConfigurationPlatforms) = postSolution
		{5B234162-2260-4F5C-BDA5-CF6A9EA97491}.Debug|Any CPU.ActiveCfg = Debug|Any CPU
		{5B234162-2260-4F5C-BDA5-CF6A9EA97491}.Debug|Any CPU.Build.0 = Debug|Any CPU
		{5B234162-2260-4F5C-BDA5-CF6A9EA97491}.Release|Any CPU.ActiveCfg = Release|Any CPU
		{5B234162-2260-4F5C-BDA5-CF6A9EA97491}.Release|Any CPU.Build.0 = Release|Any CPU
		{33691737-BC05-454C-8263-5873375ECFEB}.Debug|Any CPU.ActiveCfg = Debug|Any CPU
		{33691737-BC05-454C-8263-5873375ECFEB}.Debug|Any CPU.Build.0 = Debug|Any CPU
		{33691737-BC05-454C-8263-5873375ECFEB}.Release|Any CPU.ActiveCfg = Release|Any CPU
		{33691737-BC05-454C-8263-5873375ECFEB}.Release|Any CPU.Build.0 = Release|Any CPU
		{1293D6B1-2227-4448-9763-9DD64A715620}.Debug|Any CPU.ActiveCfg = Debug|Any CPU
		{1293D6B1-2227-4448-9763-9DD64A715620}.Debug|Any CPU.Build.0 = Debug|Any CPU
		{1293D6B1-2227-4448-9763-9DD64A715620}.Release|Any CPU.ActiveCfg = Release|Any CPU
		{1293D6B1-2227-4448-9763-9DD64A715620}.Release|Any CPU.Build.0 = Release|Any CPU
		{ABF5C355-154B-4B2A-9B56-4FCE2B3F6CFD}.Debug|Any CPU.ActiveCfg = Debug|Any CPU
		{ABF5C355-154B-4B2A-9B56-4FCE2B3F6CFD}.Debug|Any CPU.Build.0 = Debug|Any CPU
		{ABF5C355-154B-4B2A-9B56-4FCE2B3F6CFD}.Release|Any CPU.ActiveCfg = Release|Any CPU
		{ABF5C355-154B-4B2A-9B56-4FCE2B3F6CFD}.Release|Any CPU.Build.0 = Release|Any CPU
		{7A86E9C1-3E2C-42EA-9BDB-AA7EBFB0CBCE}.Debug|Any CPU.ActiveCfg = Debug|Any CPU
		{7A86E9C1-3E2C-42EA-9BDB-AA7EBFB0CBCE}.Debug|Any CPU.Build.0 = Debug|Any CPU
		{7A86E9C1-3E2C-42EA-9BDB-AA7EBFB0CBCE}.Release|Any CPU.ActiveCfg = Release|Any CPU
		{7A86E9C1-3E2C-42EA-9BDB-AA7EBFB0CBCE}.Release|Any CPU.Build.0 = Release|Any CPU
		{7FCF83BF-F573-4200-9EFE-347C597B5B1D}.Debug|Any CPU.ActiveCfg = Debug|Any CPU
		{7FCF83BF-F573-4200-9EFE-347C597B5B1D}.Debug|Any CPU.Build.0 = Debug|Any CPU
		{7FCF83BF-F573-4200-9EFE-347C597B5B1D}.Release|Any CPU.ActiveCfg = Release|Any CPU
		{7FCF83BF-F573-4200-9EFE-347C597B5B1D}.Release|Any CPU.Build.0 = Release|Any CPU
		{5985459C-60B6-4F36-B2BB-01FD49923BF9}.Debug|Any CPU.ActiveCfg = Debug|Any CPU
		{5985459C-60B6-4F36-B2BB-01FD49923BF9}.Debug|Any CPU.Build.0 = Debug|Any CPU
		{5985459C-60B6-4F36-B2BB-01FD49923BF9}.Release|Any CPU.ActiveCfg = Release|Any CPU
		{5985459C-60B6-4F36-B2BB-01FD49923BF9}.Release|Any CPU.Build.0 = Release|Any CPU
		{0D29A2E2-D395-4511-AFBC-CFF1EC2163F9}.Debug|Any CPU.ActiveCfg = Debug|Any CPU
		{0D29A2E2-D395-4511-AFBC-CFF1EC2163F9}.Debug|Any CPU.Build.0 = Debug|Any CPU
		{0D29A2E2-D395-4511-AFBC-CFF1EC2163F9}.Release|Any CPU.ActiveCfg = Release|Any CPU
		{0D29A2E2-D395-4511-AFBC-CFF1EC2163F9}.Release|Any CPU.Build.0 = Release|Any CPU
		{8891E702-221B-46B0-9023-2BDE9BA1C51A}.Debug|Any CPU.ActiveCfg = Debug|Any CPU
		{8891E702-221B-46B0-9023-2BDE9BA1C51A}.Debug|Any CPU.Build.0 = Debug|Any CPU
		{8891E702-221B-46B0-9023-2BDE9BA1C51A}.Release|Any CPU.ActiveCfg = Release|Any CPU
		{8891E702-221B-46B0-9023-2BDE9BA1C51A}.Release|Any CPU.Build.0 = Release|Any CPU
		{7EACC8E1-9F0B-4113-BF8D-5C91B72DB9E5}.Debug|Any CPU.ActiveCfg = Debug|Any CPU
		{7EACC8E1-9F0B-4113-BF8D-5C91B72DB9E5}.Debug|Any CPU.Build.0 = Debug|Any CPU
		{7EACC8E1-9F0B-4113-BF8D-5C91B72DB9E5}.Release|Any CPU.ActiveCfg = Release|Any CPU
		{7EACC8E1-9F0B-4113-BF8D-5C91B72DB9E5}.Release|Any CPU.Build.0 = Release|Any CPU
		{9D8E25FB-5491-4998-811C-2083994F7B0F}.Debug|Any CPU.ActiveCfg = Debug|Any CPU
		{9D8E25FB-5491-4998-811C-2083994F7B0F}.Debug|Any CPU.Build.0 = Debug|Any CPU
		{9D8E25FB-5491-4998-811C-2083994F7B0F}.Release|Any CPU.ActiveCfg = Release|Any CPU
		{9D8E25FB-5491-4998-811C-2083994F7B0F}.Release|Any CPU.Build.0 = Release|Any CPU
		{DBE56665-58BD-4B96-B7AC-FC62675B4426}.Debug|Any CPU.ActiveCfg = Debug|Any CPU
		{DBE56665-58BD-4B96-B7AC-FC62675B4426}.Debug|Any CPU.Build.0 = Debug|Any CPU
		{DBE56665-58BD-4B96-B7AC-FC62675B4426}.Release|Any CPU.ActiveCfg = Release|Any CPU
		{DBE56665-58BD-4B96-B7AC-FC62675B4426}.Release|Any CPU.Build.0 = Release|Any CPU
		{F2C60B7E-EAB2-4607-92BB-62CA8273E3E2}.Debug|Any CPU.ActiveCfg = Debug|Any CPU
		{F2C60B7E-EAB2-4607-92BB-62CA8273E3E2}.Debug|Any CPU.Build.0 = Debug|Any CPU
		{F2C60B7E-EAB2-4607-92BB-62CA8273E3E2}.Release|Any CPU.ActiveCfg = Release|Any CPU
		{F2C60B7E-EAB2-4607-92BB-62CA8273E3E2}.Release|Any CPU.Build.0 = Release|Any CPU
		{0EC28CB3-2295-4434-A1C4-F1B0B4FF97AE}.Debug|Any CPU.ActiveCfg = Debug|Any CPU
		{0EC28CB3-2295-4434-A1C4-F1B0B4FF97AE}.Debug|Any CPU.Build.0 = Debug|Any CPU
		{0EC28CB3-2295-4434-A1C4-F1B0B4FF97AE}.Release|Any CPU.ActiveCfg = Release|Any CPU
		{0EC28CB3-2295-4434-A1C4-F1B0B4FF97AE}.Release|Any CPU.Build.0 = Release|Any CPU
		{997D3B70-3445-411D-99C1-DD2BB4D01EEB}.Debug|Any CPU.ActiveCfg = Debug|Any CPU
		{997D3B70-3445-411D-99C1-DD2BB4D01EEB}.Debug|Any CPU.Build.0 = Debug|Any CPU
		{997D3B70-3445-411D-99C1-DD2BB4D01EEB}.Release|Any CPU.ActiveCfg = Release|Any CPU
		{997D3B70-3445-411D-99C1-DD2BB4D01EEB}.Release|Any CPU.Build.0 = Release|Any CPU
		{14169110-96B1-47D8-8BBB-071CA5B1BCBD}.Debug|Any CPU.ActiveCfg = Debug|Any CPU
		{14169110-96B1-47D8-8BBB-071CA5B1BCBD}.Debug|Any CPU.Build.0 = Debug|Any CPU
		{14169110-96B1-47D8-8BBB-071CA5B1BCBD}.Release|Any CPU.ActiveCfg = Release|Any CPU
		{14169110-96B1-47D8-8BBB-071CA5B1BCBD}.Release|Any CPU.Build.0 = Release|Any CPU
		{DD71E825-6817-479F-BFBB-A5AF4B58046B}.Debug|Any CPU.ActiveCfg = Debug|Any CPU
		{DD71E825-6817-479F-BFBB-A5AF4B58046B}.Debug|Any CPU.Build.0 = Debug|Any CPU
		{DD71E825-6817-479F-BFBB-A5AF4B58046B}.Release|Any CPU.ActiveCfg = Release|Any CPU
		{DD71E825-6817-479F-BFBB-A5AF4B58046B}.Release|Any CPU.Build.0 = Release|Any CPU
		{CB5FBFBD-4FD3-4F3D-A477-6FD20465521F}.Debug|Any CPU.ActiveCfg = Debug|Any CPU
		{CB5FBFBD-4FD3-4F3D-A477-6FD20465521F}.Debug|Any CPU.Build.0 = Debug|Any CPU
		{CB5FBFBD-4FD3-4F3D-A477-6FD20465521F}.Release|Any CPU.ActiveCfg = Release|Any CPU
		{CB5FBFBD-4FD3-4F3D-A477-6FD20465521F}.Release|Any CPU.Build.0 = Release|Any CPU
		{A36CDDFA-4038-4023-9390-0A7890EE2CFC}.Debug|Any CPU.ActiveCfg = Debug|Any CPU
		{A36CDDFA-4038-4023-9390-0A7890EE2CFC}.Debug|Any CPU.Build.0 = Debug|Any CPU
		{A36CDDFA-4038-4023-9390-0A7890EE2CFC}.Release|Any CPU.ActiveCfg = Release|Any CPU
		{A36CDDFA-4038-4023-9390-0A7890EE2CFC}.Release|Any CPU.Build.0 = Release|Any CPU
	EndGlobalSection
	GlobalSection(SolutionProperties) = preSolution
		HideSolutionNode = FALSE
	EndGlobalSection
	GlobalSection(NestedProjects) = preSolution
		{5B234162-2260-4F5C-BDA5-CF6A9EA97491} = {C241FC4F-02BA-40A4-A7AC-B6005931C495}
		{33691737-BC05-454C-8263-5873375ECFEB} = {C241FC4F-02BA-40A4-A7AC-B6005931C495}
		{1293D6B1-2227-4448-9763-9DD64A715620} = {C241FC4F-02BA-40A4-A7AC-B6005931C495}
		{ABF5C355-154B-4B2A-9B56-4FCE2B3F6CFD} = {C241FC4F-02BA-40A4-A7AC-B6005931C495}
		{7A86E9C1-3E2C-42EA-9BDB-AA7EBFB0CBCE} = {C241FC4F-02BA-40A4-A7AC-B6005931C495}
		{7FCF83BF-F573-4200-9EFE-347C597B5B1D} = {8FF112EF-F47E-4C04-B01D-02B6796012A1}
		{5985459C-60B6-4F36-B2BB-01FD49923BF9} = {8FF112EF-F47E-4C04-B01D-02B6796012A1}
		{0D29A2E2-D395-4511-AFBC-CFF1EC2163F9} = {8FF112EF-F47E-4C04-B01D-02B6796012A1}
		{8891E702-221B-46B0-9023-2BDE9BA1C51A} = {8FF112EF-F47E-4C04-B01D-02B6796012A1}
		{7EACC8E1-9F0B-4113-BF8D-5C91B72DB9E5} = {8FF112EF-F47E-4C04-B01D-02B6796012A1}
		{9D8E25FB-5491-4998-811C-2083994F7B0F} = {A8D0110C-4D9C-41D1-842D-70B3ACFE20FD}
		{DBE56665-58BD-4B96-B7AC-FC62675B4426} = {A8D0110C-4D9C-41D1-842D-70B3ACFE20FD}
		{F2C60B7E-EAB2-4607-92BB-62CA8273E3E2} = {A8D0110C-4D9C-41D1-842D-70B3ACFE20FD}
		{0EC28CB3-2295-4434-A1C4-F1B0B4FF97AE} = {A8D0110C-4D9C-41D1-842D-70B3ACFE20FD}
		{997D3B70-3445-411D-99C1-DD2BB4D01EEB} = {03F51551-C1AD-4D6B-A561-9069992AB726}
		{14169110-96B1-47D8-8BBB-071CA5B1BCBD} = {03F51551-C1AD-4D6B-A561-9069992AB726}
		{DD71E825-6817-479F-BFBB-A5AF4B58046B} = {03F51551-C1AD-4D6B-A561-9069992AB726}
		{CB5FBFBD-4FD3-4F3D-A477-6FD20465521F} = {03F51551-C1AD-4D6B-A561-9069992AB726}
		{A36CDDFA-4038-4023-9390-0A7890EE2CFC} = {A94FB143-94FD-4EAE-898D-9405A6BFFBAC}
	EndGlobalSection
	GlobalSection(ExtensibilityGlobals) = postSolution
		SolutionGuid = {1133324C-0ACB-4559-8A8E-811A412B71C2}
	EndGlobalSection
EndGlobal
